PODS:
  - Alamofire (4.5.0)
  - Bugly (2.5.0)
  - FDFullscreenPopGesture (1.1)
  - Hero (1.0.1)
  - Kingfisher (4.0.1)
  - LYQRCodeScan (1.0.4):
    - LYQRCodeScan/LYQRCodeScan (= 1.0.4)
  - LYQRCodeScan/LYQRCodeScan (1.0.4)
  - MBProgressHUD (1.0.0)
  - MJRefresh (3.1.12)
  - YYModel (1.0.4)

DEPENDENCIES:
  - Alamofire (~> 4.5)
  - Bugly
  - FDFullscreenPopGesture (= 1.1)
  - Hero
  - Kingfisher (~> 4.0.1)
  - LYQRCodeScan
  - MBProgressHUD (~> 1.0.0)
  - MJRefresh
  - YYModel

SPEC REPOS:
  https://github.com/cocoapods/specs.git:
    - Alamofire
    - Bugly
    - FDFullscreenPopGesture
    - Hero
    - Kingfisher
    - LYQRCodeScan
    - MBProgressHUD
    - MJRefresh
    - YYModel

SPEC CHECKSUMS:
  Alamofire: f28cdffd29de33a7bfa022cbd63ae95a27fae140
  Bugly: 3ca9f255c01025582df26f9222893b383c7e4b4e
  FDFullscreenPopGesture: a8a620179e3d9c40e8e00256dcee1c1a27c6d0f0
  Hero: cee286821578e170d8c0c9c9cda7897357401112
  Kingfisher: b771785e9461ed4b8686d40e7145f9e58100cb24
  LYQRCodeScan: b26d1a3865f5de870dec3c57a8fba770b3d5cf68
  MBProgressHUD: 4890f671c94e8a0f3cf959aa731e9de2f036d71a
  MJRefresh: b96cdb21c4aa75a7b07654311ab2f315c497e806
  YYModel: 2a7fdd96aaa4b86a824e26d0c517de8928c04b30

PODFILE CHECKSUM: 844002c5f20b6e77e98e71c5398db983938fba40

COCOAPODS: 1.6.0.beta.1
